// !$*UTF8*$!
{
	archiveVersion = 1;
	classes = {
	};
	objectVersion = 48;
	objects = {

/* Begin PBXBuildFile section */
		4F0F72533C8144FAFBDAD049 /* libPods-NetWorkingUITests.a in Frameworks */ = {isa = PBXBuildFile; fileRef = 12784F6CD644184713308FC3 /* libPods-NetWorkingUITests.a */; };
		882246C6C3001267BF8F1B6D /* libPods-NetWorkingTests.a in Frameworks */ = {isa = PBXBuildFile; fileRef = D56503083B2A723FAE60DC21 /* libPods-NetWorkingTests.a */; };
		9D391DBA767EFC24B4C2EA78 /* libPods-NetWorking.a in Frameworks */ = {isa = PBXBuildFile; fileRef = 6795CFC7002855E819099874 /* libPods-NetWorking.a */; };
		C54C2050207B2909006F7DE1 /* XBBaseAPIManager+InterceptorDispatcher.m in Sources */ = {isa = PBXBuildFile; fileRef = C54C204F207B2909006F7DE1 /* XBBaseAPIManager+InterceptorDispatcher.m */; };
		C54C2054207B2913006F7DE1 /* XBAPIManagerInterceptorModel.m in Sources */ = {isa = PBXBuildFile; fileRef = C54C2051207B2913006F7DE1 /* XBAPIManagerInterceptorModel.m */; };
		C54C2055207B2913006F7DE1 /* XBAPIManagerInterceptors.plist in Resources */ = {isa = PBXBuildFile; fileRef = C54C2053207B2913006F7DE1 /* XBAPIManagerInterceptors.plist */; };
		C54C2058207B2959006F7DE1 /* XBAPIManagerInterceptor.m in Sources */ = {isa = PBXBuildFile; fileRef = C54C2057207B2959006F7DE1 /* XBAPIManagerInterceptor.m */; };
		C568133E206A08F000D9D126 /* AppDelegate.m in Sources */ = {isa = PBXBuildFile; fileRef = C568133D206A08F000D9D126 /* AppDelegate.m */; };
		C5681356206A08F000D9D126 /* NetWorkingTests.m in Sources */ = {isa = PBXBuildFile; fileRef = C5681355206A08F000D9D126 /* NetWorkingTests.m */; };
		C5681361206A08F000D9D126 /* NetWorkingUITests.m in Sources */ = {isa = PBXBuildFile; fileRef = C5681360206A08F000D9D126 /* NetWorkingUITests.m */; };
		C568138C206A169800D9D126 /* XBHttpPostRequest.m in Sources */ = {isa = PBXBuildFile; fileRef = C5681385206A169800D9D126 /* XBHttpPostRequest.m */; };
		C568138E206A169800D9D126 /* XBHttpRequest.m in Sources */ = {isa = PBXBuildFile; fileRef = C568138A206A169800D9D126 /* XBHttpRequest.m */; };
		C568138F206A169800D9D126 /* XBHttpGetRequest.m in Sources */ = {isa = PBXBuildFile; fileRef = C568138B206A169800D9D126 /* XBHttpGetRequest.m */; };
		C5681392206A16C000D9D126 /* XBHttpRequestManager.m in Sources */ = {isa = PBXBuildFile; fileRef = C5681391206A16C000D9D126 /* XBHttpRequestManager.m */; };
		C5681396206A1C8E00D9D126 /* XBHttpPostRequestMultipartForm.m in Sources */ = {isa = PBXBuildFile; fileRef = C5681395206A1C8E00D9D126 /* XBHttpPostRequestMultipartForm.m */; };
		C568139C206B5F5800D9D126 /* NSString+ToJSONObj.m in Sources */ = {isa = PBXBuildFile; fileRef = C568139A206B5F5800D9D126 /* NSString+ToJSONObj.m */; };
		C568139D206B5F5800D9D126 /* NSObject+ToJSONString.m in Sources */ = {isa = PBXBuildFile; fileRef = C568139B206B5F5800D9D126 /* NSObject+ToJSONString.m */; };
		C56813AE206B609200D9D126 /* XBBaseDataCenter.m in Sources */ = {isa = PBXBuildFile; fileRef = C56813AD206B609200D9D126 /* XBBaseDataCenter.m */; };
		C56813B1206B60A200D9D126 /* XBErrorHelper.m in Sources */ = {isa = PBXBuildFile; fileRef = C56813B0206B60A200D9D126 /* XBErrorHelper.m */; };
		C56813B6206B640700D9D126 /* XBBaseAPIManager.m in Sources */ = {isa = PBXBuildFile; fileRef = C56813B4206B640700D9D126 /* XBBaseAPIManager.m */; };
		C56813C3206B671200D9D126 /* LaunchScreen.storyboard in Resources */ = {isa = PBXBuildFile; fileRef = C56813BC206B671100D9D126 /* LaunchScreen.storyboard */; };
		C56813C4206B671200D9D126 /* Main.storyboard in Resources */ = {isa = PBXBuildFile; fileRef = C56813BE206B671100D9D126 /* Main.storyboard */; };
		C56813C5206B671200D9D126 /* Info.plist in Resources */ = {isa = PBXBuildFile; fileRef = C56813C0206B671100D9D126 /* Info.plist */; };
		C56813C6206B671200D9D126 /* main.m in Sources */ = {isa = PBXBuildFile; fileRef = C56813C1206B671200D9D126 /* main.m */; };
		C56813C7206B671200D9D126 /* Assets.xcassets in Resources */ = {isa = PBXBuildFile; fileRef = C56813C2206B671200D9D126 /* Assets.xcassets */; };
		C56813CC206B69DE00D9D126 /* XBAPIManagerParamsHelper.m in Sources */ = {isa = PBXBuildFile; fileRef = C56813CB206B69DE00D9D126 /* XBAPIManagerParamsHelper.m */; };
		C56813D3206B6A9B00D9D126 /* NSDictionary(TS_Value).m in Sources */ = {isa = PBXBuildFile; fileRef = C56813CF206B6A9B00D9D126 /* NSDictionary(TS_Value).m */; };
		C56813D4206B6A9B00D9D126 /* README.md in Resources */ = {isa = PBXBuildFile; fileRef = C56813D0206B6A9B00D9D126 /* README.md */; };
		C56813D5206B6A9B00D9D126 /* NSDictionary(TS_Sort).m in Sources */ = {isa = PBXBuildFile; fileRef = C56813D2206B6A9B00D9D126 /* NSDictionary(TS_Sort).m */; };
		C56813E4206B71EE00D9D126 /* NSString(Phone).m in Sources */ = {isa = PBXBuildFile; fileRef = C56813DC206B71EE00D9D126 /* NSString(Phone).m */; };
		C56813E5206B71EE00D9D126 /* NSString(TS_Compare).m in Sources */ = {isa = PBXBuildFile; fileRef = C56813DD206B71EE00D9D126 /* NSString(TS_Compare).m */; };
		C56813E6206B71EE00D9D126 /* NSString(TS_EncodingAndDecoding).m in Sources */ = {isa = PBXBuildFile; fileRef = C56813DE206B71EE00D9D126 /* NSString(TS_EncodingAndDecoding).m */; };
		C56813E7206B71EE00D9D126 /* README.md in Resources */ = {isa = PBXBuildFile; fileRef = C56813DF206B71EE00D9D126 /* README.md */; };
		C56813E8206B71EE00D9D126 /* NSString(TS_Attributed).m in Sources */ = {isa = PBXBuildFile; fileRef = C56813E0206B71EE00D9D126 /* NSString(TS_Attributed).m */; };
		C56813EE206B74E500D9D126 /* ViewController.m in Sources */ = {isa = PBXBuildFile; fileRef = C56813EA206B74E400D9D126 /* ViewController.m */; };
		C56813F2206B769C00D9D126 /* TestHomeBaseModel.m in Sources */ = {isa = PBXBuildFile; fileRef = C56813F1206B769C00D9D126 /* TestHomeBaseModel.m */; };
		C56813F5206B775D00D9D126 /* XBBaseModel.m in Sources */ = {isa = PBXBuildFile; fileRef = C56813F4206B775D00D9D126 /* XBBaseModel.m */; };
		C56813FB206B789C00D9D126 /* TestHomeAPIManager.m in Sources */ = {isa = PBXBuildFile; fileRef = C56813FA206B789C00D9D126 /* TestHomeAPIManager.m */; };
		C56813FE206B79DC00D9D126 /* TestHomeDataCenter.m in Sources */ = {isa = PBXBuildFile; fileRef = C56813FD206B79DC00D9D126 /* TestHomeDataCenter.m */; };
		C5681404206B7FE100D9D126 /* Settings.bundle in Resources */ = {isa = PBXBuildFile; fileRef = C5681401206B7FE100D9D126 /* Settings.bundle */; };
		C5681405206B7FE100D9D126 /* BSSettingInformation.m in Sources */ = {isa = PBXBuildFile; fileRef = C5681403206B7FE100D9D126 /* BSSettingInformation.m */; };
/* End PBXBuildFile section */

/* Begin PBXContainerItemProxy section */
		C5681352206A08F000D9D126 /* PBXContainerItemProxy */ = {
			isa = PBXContainerItemProxy;
			containerPortal = C5681331206A08F000D9D126 /* Project object */;
			proxyType = 1;
			remoteGlobalIDString = C5681338206A08F000D9D126;
			remoteInfo = NetWorking;
		};
		C568135D206A08F000D9D126 /* PBXContainerItemProxy */ = {
			isa = PBXContainerItemProxy;
			containerPortal = C5681331206A08F000D9D126 /* Project object */;
			proxyType = 1;
			remoteGlobalIDString = C5681338206A08F000D9D126;
			remoteInfo = NetWorking;
		};
/* End PBXContainerItemProxy section */

/* Begin PBXFileReference section */
		12784F6CD644184713308FC3 /* libPods-NetWorkingUITests.a */ = {isa = PBXFileReference; explicitFileType = archive.ar; includeInIndex = 0; path = "libPods-NetWorkingUITests.a"; sourceTree = BUILT_PRODUCTS_DIR; };
		398044CEE68932B2A995D7F2 /* Pods-NetWorkingUITests.release.xcconfig */ = {isa = PBXFileReference; includeInIndex = 1; lastKnownFileType = text.xcconfig; name = "Pods-NetWorkingUITests.release.xcconfig"; path = "Pods/Target Support Files/Pods-NetWorkingUITests/Pods-NetWorkingUITests.release.xcconfig"; sourceTree = "<group>"; };
		4BC9992E46DBE3042ADA8239 /* Pods-NetWorkingTests.release.xcconfig */ = {isa = PBXFileReference; includeInIndex = 1; lastKnownFileType = text.xcconfig; name = "Pods-NetWorkingTests.release.xcconfig"; path = "Pods/Target Support Files/Pods-NetWorkingTests/Pods-NetWorkingTests.release.xcconfig"; sourceTree = "<group>"; };
		4CA2BCAF3D7AF59F50FF05D1 /* Pods-NetWorkingTests.debug.xcconfig */ = {isa = PBXFileReference; includeInIndex = 1; lastKnownFileType = text.xcconfig; name = "Pods-NetWorkingTests.debug.xcconfig"; path = "Pods/Target Support Files/Pods-NetWorkingTests/Pods-NetWorkingTests.debug.xcconfig"; sourceTree = "<group>"; };
		6795CFC7002855E819099874 /* libPods-NetWorking.a */ = {isa = PBXFileReference; explicitFileType = archive.ar; includeInIndex = 0; path = "libPods-NetWorking.a"; sourceTree = BUILT_PRODUCTS_DIR; };
		BCFE102A6CE4EEFC017B8819 /* Pods-NetWorking.debug.xcconfig */ = {isa = PBXFileReference; includeInIndex = 1; lastKnownFileType = text.xcconfig; name = "Pods-NetWorking.debug.xcconfig"; path = "Pods/Target Support Files/Pods-NetWorking/Pods-NetWorking.debug.xcconfig"; sourceTree = "<group>"; };
		C54C204E207B2909006F7DE1 /* XBBaseAPIManager+InterceptorDispatcher.h */ = {isa = PBXFileReference; fileEncoding = 4; lastKnownFileType = sourcecode.c.h; name = "XBBaseAPIManager+InterceptorDispatcher.h"; path = "NetWorking/Lib/XBModelLayer/TokenCheck/XBBaseAPIManager+InterceptorDispatcher.h"; sourceTree = SOURCE_ROOT; };
		C54C204F207B2909006F7DE1 /* XBBaseAPIManager+InterceptorDispatcher.m */ = {isa = PBXFileReference; fileEncoding = 4; lastKnownFileType = sourcecode.c.objc; name = "XBBaseAPIManager+InterceptorDispatcher.m"; path = "NetWorking/Lib/XBModelLayer/TokenCheck/XBBaseAPIManager+InterceptorDispatcher.m"; sourceTree = SOURCE_ROOT; };
		C54C2051207B2913006F7DE1 /* XBAPIManagerInterceptorModel.m */ = {isa = PBXFileReference; fileEncoding = 4; lastKnownFileType = sourcecode.c.objc; path = XBAPIManagerInterceptorModel.m; sourceTree = "<group>"; };
		C54C2052207B2913006F7DE1 /* XBAPIManagerInterceptorModel.h */ = {isa = PBXFileReference; fileEncoding = 4; lastKnownFileType = sourcecode.c.h; path = XBAPIManagerInterceptorModel.h; sourceTree = "<group>"; };
		C54C2053207B2913006F7DE1 /* XBAPIManagerInterceptors.plist */ = {isa = PBXFileReference; fileEncoding = 4; lastKnownFileType = text.plist.xml; path = XBAPIManagerInterceptors.plist; sourceTree = "<group>"; };
		C54C2056207B2959006F7DE1 /* XBAPIManagerInterceptor.h */ = {isa = PBXFileReference; lastKnownFileType = sourcecode.c.h; path = XBAPIManagerInterceptor.h; sourceTree = "<group>"; };
		C54C2057207B2959006F7DE1 /* XBAPIManagerInterceptor.m */ = {isa = PBXFileReference; lastKnownFileType = sourcecode.c.objc; path = XBAPIManagerInterceptor.m; sourceTree = "<group>"; };
		C54C2059207B297D006F7DE1 /* XBAPIManagerInterceptorProtocol.h */ = {isa = PBXFileReference; lastKnownFileType = sourcecode.c.h; path = XBAPIManagerInterceptorProtocol.h; sourceTree = "<group>"; };
		C5681339206A08F000D9D126 /* NetWorking.app */ = {isa = PBXFileReference; explicitFileType = wrapper.application; includeInIndex = 0; path = NetWorking.app; sourceTree = BUILT_PRODUCTS_DIR; };
		C568133C206A08F000D9D126 /* AppDelegate.h */ = {isa = PBXFileReference; lastKnownFileType = sourcecode.c.h; path = AppDelegate.h; sourceTree = "<group>"; };
		C568133D206A08F000D9D126 /* AppDelegate.m */ = {isa = PBXFileReference; lastKnownFileType = sourcecode.c.objc; path = AppDelegate.m; sourceTree = "<group>"; };
		C5681351206A08F000D9D126 /* NetWorkingTests.xctest */ = {isa = PBXFileReference; explicitFileType = wrapper.cfbundle; includeInIndex = 0; path = NetWorkingTests.xctest; sourceTree = BUILT_PRODUCTS_DIR; };
		C5681355206A08F000D9D126 /* NetWorkingTests.m */ = {isa = PBXFileReference; lastKnownFileType = sourcecode.c.objc; path = NetWorkingTests.m; sourceTree = "<group>"; };
		C5681357206A08F000D9D126 /* Info.plist */ = {isa = PBXFileReference; lastKnownFileType = text.plist.xml; path = Info.plist; sourceTree = "<group>"; };
		C568135C206A08F000D9D126 /* NetWorkingUITests.xctest */ = {isa = PBXFileReference; explicitFileType = wrapper.cfbundle; includeInIndex = 0; path = NetWorkingUITests.xctest; sourceTree = BUILT_PRODUCTS_DIR; };
		C5681360206A08F000D9D126 /* NetWorkingUITests.m */ = {isa = PBXFileReference; lastKnownFileType = sourcecode.c.objc; path = NetWorkingUITests.m; sourceTree = "<group>"; };
		C5681362206A08F000D9D126 /* Info.plist */ = {isa = PBXFileReference; lastKnownFileType = text.plist.xml; path = Info.plist; sourceTree = "<group>"; };
		C5681384206A169800D9D126 /* XBHttpRequest.h */ = {isa = PBXFileReference; fileEncoding = 4; lastKnownFileType = sourcecode.c.h; path = XBHttpRequest.h; sourceTree = "<group>"; };
		C5681385206A169800D9D126 /* XBHttpPostRequest.m */ = {isa = PBXFileReference; fileEncoding = 4; lastKnownFileType = sourcecode.c.objc; path = XBHttpPostRequest.m; sourceTree = "<group>"; };
		C5681387206A169800D9D126 /* XBHttpGetRequest.h */ = {isa = PBXFileReference; fileEncoding = 4; lastKnownFileType = sourcecode.c.h; path = XBHttpGetRequest.h; sourceTree = "<group>"; };
		C5681389206A169800D9D126 /* XBHttpPostRequest.h */ = {isa = PBXFileReference; fileEncoding = 4; lastKnownFileType = sourcecode.c.h; path = XBHttpPostRequest.h; sourceTree = "<group>"; };
		C568138A206A169800D9D126 /* XBHttpRequest.m */ = {isa = PBXFileReference; fileEncoding = 4; lastKnownFileType = sourcecode.c.objc; path = XBHttpRequest.m; sourceTree = "<group>"; };
		C568138B206A169800D9D126 /* XBHttpGetRequest.m */ = {isa = PBXFileReference; fileEncoding = 4; lastKnownFileType = sourcecode.c.objc; path = XBHttpGetRequest.m; sourceTree = "<group>"; };
		C5681390206A16C000D9D126 /* XBHttpRequestManager.h */ = {isa = PBXFileReference; lastKnownFileType = sourcecode.c.h; path = XBHttpRequestManager.h; sourceTree = "<group>"; };
		C5681391206A16C000D9D126 /* XBHttpRequestManager.m */ = {isa = PBXFileReference; lastKnownFileType = sourcecode.c.objc; path = XBHttpRequestManager.m; sourceTree = "<group>"; };
		C5681393206A1A0500D9D126 /* XBNetWorkingDefine.h */ = {isa = PBXFileReference; lastKnownFileType = sourcecode.c.h; path = XBNetWorkingDefine.h; sourceTree = "<group>"; };
		C5681394206A1C8E00D9D126 /* XBHttpPostRequestMultipartForm.h */ = {isa = PBXFileReference; lastKnownFileType = sourcecode.c.h; path = XBHttpPostRequestMultipartForm.h; sourceTree = "<group>"; };
		C5681395206A1C8E00D9D126 /* XBHttpPostRequestMultipartForm.m */ = {isa = PBXFileReference; lastKnownFileType = sourcecode.c.objc; path = XBHttpPostRequestMultipartForm.m; sourceTree = "<group>"; };
		C5681398206B5F5800D9D126 /* NSObject+ToJSONString.h */ = {isa = PBXFileReference; fileEncoding = 4; lastKnownFileType = sourcecode.c.h; path = "NSObject+ToJSONString.h"; sourceTree = "<group>"; };
		C5681399206B5F5800D9D126 /* NSString+ToJSONObj.h */ = {isa = PBXFileReference; fileEncoding = 4; lastKnownFileType = sourcecode.c.h; path = "NSString+ToJSONObj.h"; sourceTree = "<group>"; };
		C568139A206B5F5800D9D126 /* NSString+ToJSONObj.m */ = {isa = PBXFileReference; fileEncoding = 4; lastKnownFileType = sourcecode.c.objc; path = "NSString+ToJSONObj.m"; sourceTree = "<group>"; };
		C568139B206B5F5800D9D126 /* NSObject+ToJSONString.m */ = {isa = PBXFileReference; fileEncoding = 4; lastKnownFileType = sourcecode.c.objc; path = "NSObject+ToJSONString.m"; sourceTree = "<group>"; };
		C56813AC206B609200D9D126 /* XBBaseDataCenter.h */ = {isa = PBXFileReference; lastKnownFileType = sourcecode.c.h; path = XBBaseDataCenter.h; sourceTree = "<group>"; };
		C56813AD206B609200D9D126 /* XBBaseDataCenter.m */ = {isa = PBXFileReference; lastKnownFileType = sourcecode.c.objc; path = XBBaseDataCenter.m; sourceTree = "<group>"; };
		C56813AF206B60A200D9D126 /* XBErrorHelper.h */ = {isa = PBXFileReference; lastKnownFileType = sourcecode.c.h; path = XBErrorHelper.h; sourceTree = "<group>"; };
		C56813B0206B60A200D9D126 /* XBErrorHelper.m */ = {isa = PBXFileReference; lastKnownFileType = sourcecode.c.objc; path = XBErrorHelper.m; sourceTree = "<group>"; };
		C56813B2206B628E00D9D126 /* XBAPIManagerDefine.h */ = {isa = PBXFileReference; lastKnownFileType = sourcecode.c.h; path = XBAPIManagerDefine.h; sourceTree = "<group>"; };
		C56813B3206B63D100D9D126 /* XBAPIManagerDelegate.h */ = {isa = PBXFileReference; lastKnownFileType = sourcecode.c.h; path = XBAPIManagerDelegate.h; sourceTree = "<group>"; };
		C56813B4206B640700D9D126 /* XBBaseAPIManager.m */ = {isa = PBXFileReference; fileEncoding = 4; lastKnownFileType = sourcecode.c.objc; path = XBBaseAPIManager.m; sourceTree = "<group>"; };
		C56813B5206B640700D9D126 /* XBBaseAPIManager.h */ = {isa = PBXFileReference; fileEncoding = 4; lastKnownFileType = sourcecode.c.h; path = XBBaseAPIManager.h; sourceTree = "<group>"; };
		C56813B7206B660400D9D126 /* XBAPIManagerOverideMethods.h */ = {isa = PBXFileReference; lastKnownFileType = sourcecode.c.h; path = XBAPIManagerOverideMethods.h; sourceTree = "<group>"; };
		C56813BD206B671100D9D126 /* Base */ = {isa = PBXFileReference; lastKnownFileType = file.storyboard; name = Base; path = LaunchScreen.storyboard; sourceTree = "<group>"; };
		C56813BF206B671100D9D126 /* Base */ = {isa = PBXFileReference; lastKnownFileType = file.storyboard; name = Base; path = Main.storyboard; sourceTree = "<group>"; };
		C56813C0206B671100D9D126 /* Info.plist */ = {isa = PBXFileReference; fileEncoding = 4; lastKnownFileType = text.plist.xml; path = Info.plist; sourceTree = "<group>"; };
		C56813C1206B671200D9D126 /* main.m */ = {isa = PBXFileReference; fileEncoding = 4; lastKnownFileType = sourcecode.c.objc; path = main.m; sourceTree = "<group>"; };
		C56813C2206B671200D9D126 /* Assets.xcassets */ = {isa = PBXFileReference; lastKnownFileType = folder.assetcatalog; path = Assets.xcassets; sourceTree = "<group>"; };
		C56813CA206B69DE00D9D126 /* XBAPIManagerParamsHelper.h */ = {isa = PBXFileReference; lastKnownFileType = sourcecode.c.h; path = XBAPIManagerParamsHelper.h; sourceTree = "<group>"; };
		C56813CB206B69DE00D9D126 /* XBAPIManagerParamsHelper.m */ = {isa = PBXFileReference; lastKnownFileType = sourcecode.c.objc; path = XBAPIManagerParamsHelper.m; sourceTree = "<group>"; };
		C56813CE206B6A9B00D9D126 /* NSDictionary(TS_Sort).h */ = {isa = PBXFileReference; fileEncoding = 4; lastKnownFileType = sourcecode.c.h; path = "NSDictionary(TS_Sort).h"; sourceTree = "<group>"; };
		C56813CF206B6A9B00D9D126 /* NSDictionary(TS_Value).m */ = {isa = PBXFileReference; fileEncoding = 4; lastKnownFileType = sourcecode.c.objc; path = "NSDictionary(TS_Value).m"; sourceTree = "<group>"; };
		C56813D0206B6A9B00D9D126 /* README.md */ = {isa = PBXFileReference; fileEncoding = 4; lastKnownFileType = net.daringfireball.markdown; path = README.md; sourceTree = "<group>"; };
		C56813D1206B6A9B00D9D126 /* NSDictionary(TS_Value).h */ = {isa = PBXFileReference; fileEncoding = 4; lastKnownFileType = sourcecode.c.h; path = "NSDictionary(TS_Value).h"; sourceTree = "<group>"; };
		C56813D2206B6A9B00D9D126 /* NSDictionary(TS_Sort).m */ = {isa = PBXFileReference; fileEncoding = 4; lastKnownFileType = sourcecode.c.objc; path = "NSDictionary(TS_Sort).m"; sourceTree = "<group>"; };
		C56813D6206B6FAA00D9D126 /* DLog.h */ = {isa = PBXFileReference; lastKnownFileType = sourcecode.c.h; path = DLog.h; sourceTree = "<group>"; };
		C56813D9206B706400D9D126 /* PrefixHeader.pch */ = {isa = PBXFileReference; lastKnownFileType = sourcecode.c.h; path = PrefixHeader.pch; sourceTree = "<group>"; };
		C56813DB206B71EE00D9D126 /* NSString(TS_Attributed).h */ = {isa = PBXFileReference; fileEncoding = 4; lastKnownFileType = sourcecode.c.h; path = "NSString(TS_Attributed).h"; sourceTree = "<group>"; };
		C56813DC206B71EE00D9D126 /* NSString(Phone).m */ = {isa = PBXFileReference; fileEncoding = 4; lastKnownFileType = sourcecode.c.objc; path = "NSString(Phone).m"; sourceTree = "<group>"; };
		C56813DD206B71EE00D9D126 /* NSString(TS_Compare).m */ = {isa = PBXFileReference; fileEncoding = 4; lastKnownFileType = sourcecode.c.objc; path = "NSString(TS_Compare).m"; sourceTree = "<group>"; };
		C56813DE206B71EE00D9D126 /* NSString(TS_EncodingAndDecoding).m */ = {isa = PBXFileReference; fileEncoding = 4; lastKnownFileType = sourcecode.c.objc; path = "NSString(TS_EncodingAndDecoding).m"; sourceTree = "<group>"; };
		C56813DF206B71EE00D9D126 /* README.md */ = {isa = PBXFileReference; fileEncoding = 4; lastKnownFileType = net.daringfireball.markdown; path = README.md; sourceTree = "<group>"; };
		C56813E0206B71EE00D9D126 /* NSString(TS_Attributed).m */ = {isa = PBXFileReference; fileEncoding = 4; lastKnownFileType = sourcecode.c.objc; path = "NSString(TS_Attributed).m"; sourceTree = "<group>"; };
		C56813E1206B71EE00D9D126 /* NSString(Phone).h */ = {isa = PBXFileReference; fileEncoding = 4; lastKnownFileType = sourcecode.c.h; path = "NSString(Phone).h"; sourceTree = "<group>"; };
		C56813E2206B71EE00D9D126 /* NSString(TS_Compare).h */ = {isa = PBXFileReference; fileEncoding = 4; lastKnownFileType = sourcecode.c.h; path = "NSString(TS_Compare).h"; sourceTree = "<group>"; };
		C56813E3206B71EE00D9D126 /* NSString(TS_EncodingAndDecoding).h */ = {isa = PBXFileReference; fileEncoding = 4; lastKnownFileType = sourcecode.c.h; path = "NSString(TS_EncodingAndDecoding).h"; sourceTree = "<group>"; };
		C56813EA206B74E400D9D126 /* ViewController.m */ = {isa = PBXFileReference; fileEncoding = 4; lastKnownFileType = sourcecode.c.objc; path = ViewController.m; sourceTree = "<group>"; };
		C56813ED206B74E400D9D126 /* ViewController.h */ = {isa = PBXFileReference; fileEncoding = 4; lastKnownFileType = sourcecode.c.h; path = ViewController.h; sourceTree = "<group>"; };
		C56813F0206B769C00D9D126 /* TestHomeBaseModel.h */ = {isa = PBXFileReference; lastKnownFileType = sourcecode.c.h; path = TestHomeBaseModel.h; sourceTree = "<group>"; };
		C56813F1206B769C00D9D126 /* TestHomeBaseModel.m */ = {isa = PBXFileReference; lastKnownFileType = sourcecode.c.objc; path = TestHomeBaseModel.m; sourceTree = "<group>"; };
		C56813F3206B775D00D9D126 /* XBBaseModel.h */ = {isa = PBXFileReference; lastKnownFileType = sourcecode.c.h; path = XBBaseModel.h; sourceTree = "<group>"; };
		C56813F4206B775D00D9D126 /* XBBaseModel.m */ = {isa = PBXFileReference; lastKnownFileType = sourcecode.c.objc; path = XBBaseModel.m; sourceTree = "<group>"; };
		C56813F9206B789C00D9D126 /* TestHomeAPIManager.h */ = {isa = PBXFileReference; lastKnownFileType = sourcecode.c.h; path = TestHomeAPIManager.h; sourceTree = "<group>"; };
		C56813FA206B789C00D9D126 /* TestHomeAPIManager.m */ = {isa = PBXFileReference; lastKnownFileType = sourcecode.c.objc; path = TestHomeAPIManager.m; sourceTree = "<group>"; };
		C56813FC206B79DC00D9D126 /* TestHomeDataCenter.h */ = {isa = PBXFileReference; lastKnownFileType = sourcecode.c.h; path = TestHomeDataCenter.h; sourceTree = "<group>"; };
		C56813FD206B79DC00D9D126 /* TestHomeDataCenter.m */ = {isa = PBXFileReference; lastKnownFileType = sourcecode.c.objc; path = TestHomeDataCenter.m; sourceTree = "<group>"; };
		C5681400206B7FE100D9D126 /* BSSettingInfomationDefine.h */ = {isa = PBXFileReference; fileEncoding = 4; lastKnownFileType = sourcecode.c.h; path = BSSettingInfomationDefine.h; sourceTree = "<group>"; };
		C5681401206B7FE100D9D126 /* Settings.bundle */ = {isa = PBXFileReference; lastKnownFileType = "wrapper.plug-in"; path = Settings.bundle; sourceTree = "<group>"; };
		C5681402206B7FE100D9D126 /* BSSettingInformation.h */ = {isa = PBXFileReference; fileEncoding = 4; lastKnownFileType = sourcecode.c.h; path = BSSettingInformation.h; sourceTree = "<group>"; };
		C5681403206B7FE100D9D126 /* BSSettingInformation.m */ = {isa = PBXFileReference; fileEncoding = 4; lastKnownFileType = sourcecode.c.objc; path = BSSettingInformation.m; sourceTree = "<group>"; };
		D56503083B2A723FAE60DC21 /* libPods-NetWorkingTests.a */ = {isa = PBXFileReference; explicitFileType = archive.ar; includeInIndex = 0; path = "libPods-NetWorkingTests.a"; sourceTree = BUILT_PRODUCTS_DIR; };
		D5A6BCC969CBD42B68E5C9E4 /* Pods-NetWorkingUITests.debug.xcconfig */ = {isa = PBXFileReference; includeInIndex = 1; lastKnownFileType = text.xcconfig; name = "Pods-NetWorkingUITests.debug.xcconfig"; path = "Pods/Target Support Files/Pods-NetWorkingUITests/Pods-NetWorkingUITests.debug.xcconfig"; sourceTree = "<group>"; };
		FE9FB2E32CAAFDC0FFED7B60 /* Pods-NetWorking.release.xcconfig */ = {isa = PBXFileReference; includeInIndex = 1; lastKnownFileType = text.xcconfig; name = "Pods-NetWorking.release.xcconfig"; path = "Pods/Target Support Files/Pods-NetWorking/Pods-NetWorking.release.xcconfig"; sourceTree = "<group>"; };
/* End PBXFileReference section */

/* Begin PBXFrameworksBuildPhase section */
		C5681336206A08F000D9D126 /* Frameworks */ = {
			isa = PBXFrameworksBuildPhase;
			buildActionMask = 2147483647;
			files = (
				9D391DBA767EFC24B4C2EA78 /* libPods-NetWorking.a in Frameworks */,
			);
			runOnlyForDeploymentPostprocessing = 0;
		};
		C568134E206A08F000D9D126 /* Frameworks */ = {
			isa = PBXFrameworksBuildPhase;
			buildActionMask = 2147483647;
			files = (
				882246C6C3001267BF8F1B6D /* libPods-NetWorkingTests.a in Frameworks */,
			);
			runOnlyForDeploymentPostprocessing = 0;
		};
		C5681359206A08F000D9D126 /* Frameworks */ = {
			isa = PBXFrameworksBuildPhase;
			buildActionMask = 2147483647;
			files = (
				4F0F72533C8144FAFBDAD049 /* libPods-NetWorkingUITests.a in Frameworks */,
			);
			runOnlyForDeploymentPostprocessing = 0;
		};
/* End PBXFrameworksBuildPhase section */

/* Begin PBXGroup section */
		B286D8BBBCE20E9761DFF550 /* Frameworks */ = {
			isa = PBXGroup;
			children = (
				6795CFC7002855E819099874 /* libPods-NetWorking.a */,
				D56503083B2A723FAE60DC21 /* libPods-NetWorkingTests.a */,
				12784F6CD644184713308FC3 /* libPods-NetWorkingUITests.a */,
			);
			name = Frameworks;
			sourceTree = "<group>";
		};
		C0BE84BA344FE1F2E98E1BA4 /* Pods */ = {
			isa = PBXGroup;
			children = (
				BCFE102A6CE4EEFC017B8819 /* Pods-NetWorking.debug.xcconfig */,
				FE9FB2E32CAAFDC0FFED7B60 /* Pods-NetWorking.release.xcconfig */,
				4CA2BCAF3D7AF59F50FF05D1 /* Pods-NetWorkingTests.debug.xcconfig */,
				4BC9992E46DBE3042ADA8239 /* Pods-NetWorkingTests.release.xcconfig */,
				D5A6BCC969CBD42B68E5C9E4 /* Pods-NetWorkingUITests.debug.xcconfig */,
				398044CEE68932B2A995D7F2 /* Pods-NetWorkingUITests.release.xcconfig */,
			);
			name = Pods;
			sourceTree = "<group>";
		};
		C54C204A207B28C4006F7DE1 /* TokenCheck */ = {
			isa = PBXGroup;
			children = (
				C54C204B207B28C4006F7DE1 /* XBInterceptors */,
			);
			path = TokenCheck;
			sourceTree = "<group>";
		};
		C54C204B207B28C4006F7DE1 /* XBInterceptors */ = {
			isa = PBXGroup;
			children = (
				C54C204E207B2909006F7DE1 /* XBBaseAPIManager+InterceptorDispatcher.h */,
				C54C204F207B2909006F7DE1 /* XBBaseAPIManager+InterceptorDispatcher.m */,
				C54C204C207B28C4006F7DE1 /* Interceptors */,
				C54C204D207B28C4006F7DE1 /* InterceptorModel */,
			);
			path = XBInterceptors;
			sourceTree = "<group>";
		};
		C54C204C207B28C4006F7DE1 /* Interceptors */ = {
			isa = PBXGroup;
			children = (
				C54C2056207B2959006F7DE1 /* XBAPIManagerInterceptor.h */,
				C54C2057207B2959006F7DE1 /* XBAPIManagerInterceptor.m */,
				C54C2059207B297D006F7DE1 /* XBAPIManagerInterceptorProtocol.h */,
			);
			path = Interceptors;
			sourceTree = "<group>";
		};
		C54C204D207B28C4006F7DE1 /* InterceptorModel */ = {
			isa = PBXGroup;
			children = (
				C54C2052207B2913006F7DE1 /* XBAPIManagerInterceptorModel.h */,
				C54C2051207B2913006F7DE1 /* XBAPIManagerInterceptorModel.m */,
				C54C2053207B2913006F7DE1 /* XBAPIManagerInterceptors.plist */,
			);
			path = InterceptorModel;
			sourceTree = "<group>";
		};
		C5681330206A08F000D9D126 = {
			isa = PBXGroup;
			children = (
				C568133B206A08F000D9D126 /* NetWorking */,
				C5681354206A08F000D9D126 /* NetWorkingTests */,
				C568135F206A08F000D9D126 /* NetWorkingUITests */,
				C568133A206A08F000D9D126 /* Products */,
				C0BE84BA344FE1F2E98E1BA4 /* Pods */,
				B286D8BBBCE20E9761DFF550 /* Frameworks */,
			);
			sourceTree = "<group>";
		};
		C568133A206A08F000D9D126 /* Products */ = {
			isa = PBXGroup;
			children = (
				C5681339206A08F000D9D126 /* NetWorking.app */,
				C5681351206A08F000D9D126 /* NetWorkingTests.xctest */,
				C568135C206A08F000D9D126 /* NetWorkingUITests.xctest */,
			);
			name = Products;
			sourceTree = "<group>";
		};
		C568133B206A08F000D9D126 /* NetWorking */ = {
			isa = PBXGroup;
			children = (
				C568133C206A08F000D9D126 /* AppDelegate.h */,
				C568133D206A08F000D9D126 /* AppDelegate.m */,
				C56813A2206B5FEB00D9D126 /* Classes */,
				C568136E206A0A4D00D9D126 /* Lib */,
				C5681397206B5F5800D9D126 /* Category */,
				C56813C9206B674E00D9D126 /* Supporting Files */,
			);
			path = NetWorking;
			sourceTree = "<group>";
		};
		C5681354206A08F000D9D126 /* NetWorkingTests */ = {
			isa = PBXGroup;
			children = (
				C5681355206A08F000D9D126 /* NetWorkingTests.m */,
				C5681357206A08F000D9D126 /* Info.plist */,
			);
			path = NetWorkingTests;
			sourceTree = "<group>";
		};
		C568135F206A08F000D9D126 /* NetWorkingUITests */ = {
			isa = PBXGroup;
			children = (
				C5681360206A08F000D9D126 /* NetWorkingUITests.m */,
				C5681362206A08F000D9D126 /* Info.plist */,
			);
			path = NetWorkingUITests;
			sourceTree = "<group>";
		};
		C568136E206A0A4D00D9D126 /* Lib */ = {
			isa = PBXGroup;
			children = (
				C568136F206A0A4D00D9D126 /* XBModelLayer */,
				C5681370206A0A4D00D9D126 /* XBNetWorking */,
				C56813FF206B7FE100D9D126 /* BSSetting */,
			);
			path = Lib;
			sourceTree = "<group>";
		};
		C568136F206A0A4D00D9D126 /* XBModelLayer */ = {
			isa = PBXGroup;
			children = (
				C54C204A207B28C4006F7DE1 /* TokenCheck */,
				C56813AA206B606800D9D126 /* APIManager */,
				C56813A9206B606800D9D126 /* DataCenter */,
				C56813AB206B606900D9D126 /* DBManager */,
			);
			path = XBModelLayer;
			sourceTree = "<group>";
		};
		C5681370206A0A4D00D9D126 /* XBNetWorking */ = {
			isa = PBXGroup;
			children = (
				C5681383206A169800D9D126 /* XBHttpRequest */,
				C5681393206A1A0500D9D126 /* XBNetWorkingDefine.h */,
				C5681390206A16C000D9D126 /* XBHttpRequestManager.h */,
				C5681391206A16C000D9D126 /* XBHttpRequestManager.m */,
			);
			path = XBNetWorking;
			sourceTree = "<group>";
		};
		C5681383206A169800D9D126 /* XBHttpRequest */ = {
			isa = PBXGroup;
			children = (
				C5681384206A169800D9D126 /* XBHttpRequest.h */,
				C568138A206A169800D9D126 /* XBHttpRequest.m */,
				C5681387206A169800D9D126 /* XBHttpGetRequest.h */,
				C568138B206A169800D9D126 /* XBHttpGetRequest.m */,
				C5681389206A169800D9D126 /* XBHttpPostRequest.h */,
				C5681385206A169800D9D126 /* XBHttpPostRequest.m */,
				C5681394206A1C8E00D9D126 /* XBHttpPostRequestMultipartForm.h */,
				C5681395206A1C8E00D9D126 /* XBHttpPostRequestMultipartForm.m */,
			);
			path = XBHttpRequest;
			sourceTree = "<group>";
		};
		C5681397206B5F5800D9D126 /* Category */ = {
			isa = PBXGroup;
			children = (
				C56813DA206B71EE00D9D126 /* NSStringCategories */,
				C56813CD206B6A9B00D9D126 /* NSDictionaryCategories */,
				C5681398206B5F5800D9D126 /* NSObject+ToJSONString.h */,
				C5681399206B5F5800D9D126 /* NSString+ToJSONObj.h */,
				C568139A206B5F5800D9D126 /* NSString+ToJSONObj.m */,
				C568139B206B5F5800D9D126 /* NSObject+ToJSONString.m */,
				C56813D6206B6FAA00D9D126 /* DLog.h */,
			);
			path = Category;
			sourceTree = "<group>";
		};
		C56813A2206B5FEB00D9D126 /* Classes */ = {
			isa = PBXGroup;
			children = (
				C56813E9206B74E400D9D126 /* TestVC */,
			);
			path = Classes;
			sourceTree = "<group>";
		};
		C56813A9206B606800D9D126 /* DataCenter */ = {
			isa = PBXGroup;
			children = (
				C56813AC206B609200D9D126 /* XBBaseDataCenter.h */,
				C56813AD206B609200D9D126 /* XBBaseDataCenter.m */,
				C56813AF206B60A200D9D126 /* XBErrorHelper.h */,
				C56813B0206B60A200D9D126 /* XBErrorHelper.m */,
			);
			path = DataCenter;
			sourceTree = "<group>";
		};
		C56813AA206B606800D9D126 /* APIManager */ = {
			isa = PBXGroup;
			children = (
				C56813B2206B628E00D9D126 /* XBAPIManagerDefine.h */,
				C56813B3206B63D100D9D126 /* XBAPIManagerDelegate.h */,
				C56813B7206B660400D9D126 /* XBAPIManagerOverideMethods.h */,
				C56813CA206B69DE00D9D126 /* XBAPIManagerParamsHelper.h */,
				C56813CB206B69DE00D9D126 /* XBAPIManagerParamsHelper.m */,
				C56813B5206B640700D9D126 /* XBBaseAPIManager.h */,
				C56813B4206B640700D9D126 /* XBBaseAPIManager.m */,
			);
			path = APIManager;
			sourceTree = "<group>";
		};
		C56813AB206B606900D9D126 /* DBManager */ = {
			isa = PBXGroup;
			children = (
				C56813F3206B775D00D9D126 /* XBBaseModel.h */,
				C56813F4206B775D00D9D126 /* XBBaseModel.m */,
			);
			path = DBManager;
			sourceTree = "<group>";
		};
		C56813BB206B671100D9D126 /* Base.lproj */ = {
			isa = PBXGroup;
			children = (
				C56813BC206B671100D9D126 /* LaunchScreen.storyboard */,
				C56813BE206B671100D9D126 /* Main.storyboard */,
			);
			path = Base.lproj;
			sourceTree = "<group>";
		};
		C56813C9206B674E00D9D126 /* Supporting Files */ = {
			isa = PBXGroup;
			children = (
				C56813C2206B671200D9D126 /* Assets.xcassets */,
				C56813BB206B671100D9D126 /* Base.lproj */,
				C56813C0206B671100D9D126 /* Info.plist */,
				C56813C1206B671200D9D126 /* main.m */,
				C56813D9206B706400D9D126 /* PrefixHeader.pch */,
			);
			name = "Supporting Files";
			sourceTree = "<group>";
		};
		C56813CD206B6A9B00D9D126 /* NSDictionaryCategories */ = {
			isa = PBXGroup;
			children = (
				C56813CE206B6A9B00D9D126 /* NSDictionary(TS_Sort).h */,
				C56813CF206B6A9B00D9D126 /* NSDictionary(TS_Value).m */,
				C56813D0206B6A9B00D9D126 /* README.md */,
				C56813D1206B6A9B00D9D126 /* NSDictionary(TS_Value).h */,
				C56813D2206B6A9B00D9D126 /* NSDictionary(TS_Sort).m */,
			);
			path = NSDictionaryCategories;
			sourceTree = "<group>";
		};
		C56813DA206B71EE00D9D126 /* NSStringCategories */ = {
			isa = PBXGroup;
			children = (
				C56813DB206B71EE00D9D126 /* NSString(TS_Attributed).h */,
				C56813DC206B71EE00D9D126 /* NSString(Phone).m */,
				C56813DD206B71EE00D9D126 /* NSString(TS_Compare).m */,
				C56813DE206B71EE00D9D126 /* NSString(TS_EncodingAndDecoding).m */,
				C56813DF206B71EE00D9D126 /* README.md */,
				C56813E0206B71EE00D9D126 /* NSString(TS_Attributed).m */,
				C56813E1206B71EE00D9D126 /* NSString(Phone).h */,
				C56813E2206B71EE00D9D126 /* NSString(TS_Compare).h */,
				C56813E3206B71EE00D9D126 /* NSString(TS_EncodingAndDecoding).h */,
			);
			path = NSStringCategories;
			sourceTree = "<group>";
		};
		C56813E9206B74E400D9D126 /* TestVC */ = {
			isa = PBXGroup;
			children = (
				C56813ED206B74E400D9D126 /* ViewController.h */,
				C56813EA206B74E400D9D126 /* ViewController.m */,
				C56813EB206B74E400D9D126 /* Model */,
				C56813EC206B74E400D9D126 /* View */,
			);
			path = TestVC;
			sourceTree = "<group>";
		};
		C56813EB206B74E400D9D126 /* Model */ = {
			isa = PBXGroup;
			children = (
				C56813FC206B79DC00D9D126 /* TestHomeDataCenter.h */,
				C56813FD206B79DC00D9D126 /* TestHomeDataCenter.m */,
				C56813F9206B789C00D9D126 /* TestHomeAPIManager.h */,
				C56813FA206B789C00D9D126 /* TestHomeAPIManager.m */,
				C56813EF206B74F900D9D126 /* Data */,
			);
			path = Model;
			sourceTree = "<group>";
		};
		C56813EC206B74E400D9D126 /* View */ = {
			isa = PBXGroup;
			children = (
			);
			path = View;
			sourceTree = "<group>";
		};
		C56813EF206B74F900D9D126 /* Data */ = {
			isa = PBXGroup;
			children = (
				C56813F0206B769C00D9D126 /* TestHomeBaseModel.h */,
				C56813F1206B769C00D9D126 /* TestHomeBaseModel.m */,
			);
			path = Data;
			sourceTree = "<group>";
		};
		C56813FF206B7FE100D9D126 /* BSSetting */ = {
			isa = PBXGroup;
			children = (
				C5681400206B7FE100D9D126 /* BSSettingInfomationDefine.h */,
				C5681401206B7FE100D9D126 /* Settings.bundle */,
				C5681402206B7FE100D9D126 /* BSSettingInformation.h */,
				C5681403206B7FE100D9D126 /* BSSettingInformation.m */,
			);
			path = BSSetting;
			sourceTree = "<group>";
		};
/* End PBXGroup section */

/* Begin PBXNativeTarget section */
		C5681338206A08F000D9D126 /* NetWorking */ = {
			isa = PBXNativeTarget;
			buildConfigurationList = C5681365206A08F000D9D126 /* Build configuration list for PBXNativeTarget "NetWorking" */;
			buildPhases = (
				0D72A1E63299A1E0DCA59871 /* [CP] Check Pods Manifest.lock */,
				C5681335206A08F000D9D126 /* Sources */,
				C5681336206A08F000D9D126 /* Frameworks */,
				C5681337206A08F000D9D126 /* Resources */,
				EFE262DD898EC75144695D96 /* [CP] Embed Pods Frameworks */,
				BA84FA070AD0822BFAF3654B /* [CP] Copy Pods Resources */,
			);
			buildRules = (
			);
			dependencies = (
			);
			name = NetWorking;
			productName = NetWorking;
			productReference = C5681339206A08F000D9D126 /* NetWorking.app */;
			productType = "com.apple.product-type.application";
		};
		C5681350206A08F000D9D126 /* NetWorkingTests */ = {
			isa = PBXNativeTarget;
			buildConfigurationList = C5681368206A08F000D9D126 /* Build configuration list for PBXNativeTarget "NetWorkingTests" */;
			buildPhases = (
				88997AE6BCF5BE2F19EA55D6 /* [CP] Check Pods Manifest.lock */,
				C568134D206A08F000D9D126 /* Sources */,
				C568134E206A08F000D9D126 /* Frameworks */,
				C568134F206A08F000D9D126 /* Resources */,
				90B16E993728404F1E8C7C56 /* [CP] Embed Pods Frameworks */,
				677EFADBA76C2657BEB33B12 /* [CP] Copy Pods Resources */,
			);
			buildRules = (
			);
			dependencies = (
				C5681353206A08F000D9D126 /* PBXTargetDependency */,
			);
			name = NetWorkingTests;
			productName = NetWorkingTests;
			productReference = C5681351206A08F000D9D126 /* NetWorkingTests.xctest */;
			productType = "com.apple.product-type.bundle.unit-test";
		};
		C568135B206A08F000D9D126 /* NetWorkingUITests */ = {
			isa = PBXNativeTarget;
			buildConfigurationList = C568136B206A08F000D9D126 /* Build configuration list for PBXNativeTarget "NetWorkingUITests" */;
			buildPhases = (
				0680EE19B170706398C5120D /* [CP] Check Pods Manifest.lock */,
				C5681358206A08F000D9D126 /* Sources */,
				C5681359206A08F000D9D126 /* Frameworks */,
				C568135A206A08F000D9D126 /* Resources */,
				D08AB7C16975D61ACFF5619D /* [CP] Embed Pods Frameworks */,
				615401DE6E1E806F6C604228 /* [CP] Copy Pods Resources */,
			);
			buildRules = (
			);
			dependencies = (
				C568135E206A08F000D9D126 /* PBXTargetDependency */,
			);
			name = NetWorkingUITests;
			productName = NetWorkingUITests;
			productReference = C568135C206A08F000D9D126 /* NetWorkingUITests.xctest */;
			productType = "com.apple.product-type.bundle.ui-testing";
		};
/* End PBXNativeTarget section */

/* Begin PBXProject section */
		C5681331206A08F000D9D126 /* Project object */ = {
			isa = PBXProject;
			attributes = {
				LastUpgradeCheck = 0920;
				ORGANIZATIONNAME = "丶信步沧桑";
				TargetAttributes = {
					C5681338206A08F000D9D126 = {
						CreatedOnToolsVersion = 9.2;
						ProvisioningStyle = Automatic;
					};
					C5681350206A08F000D9D126 = {
						CreatedOnToolsVersion = 9.2;
						ProvisioningStyle = Automatic;
						TestTargetID = C5681338206A08F000D9D126;
					};
					C568135B206A08F000D9D126 = {
						CreatedOnToolsVersion = 9.2;
						ProvisioningStyle = Automatic;
						TestTargetID = C5681338206A08F000D9D126;
					};
				};
			};
			buildConfigurationList = C5681334206A08F000D9D126 /* Build configuration list for PBXProject "NetWorking" */;
			compatibilityVersion = "Xcode 8.0";
			developmentRegion = en;
			hasScannedForEncodings = 0;
			knownRegions = (
				en,
				Base,
			);
			mainGroup = C5681330206A08F000D9D126;
			productRefGroup = C568133A206A08F000D9D126 /* Products */;
			projectDirPath = "";
			projectRoot = "";
			targets = (
				C5681338206A08F000D9D126 /* NetWorking */,
				C5681350206A08F000D9D126 /* NetWorkingTests */,
				C568135B206A08F000D9D126 /* NetWorkingUITests */,
			);
		};
/* End PBXProject section */

/* Begin PBXResourcesBuildPhase section */
		C5681337206A08F000D9D126 /* Resources */ = {
			isa = PBXResourcesBuildPhase;
			buildActionMask = 2147483647;
			files = (
				C56813E7206B71EE00D9D126 /* README.md in Resources */,
				C54C2055207B2913006F7DE1 /* XBAPIManagerInterceptors.plist in Resources */,
				C56813C3206B671200D9D126 /* LaunchScreen.storyboard in Resources */,
				C56813C4206B671200D9D126 /* Main.storyboard in Resources */,
				C56813D4206B6A9B00D9D126 /* README.md in Resources */,
				C56813C7206B671200D9D126 /* Assets.xcassets in Resources */,
				C56813C5206B671200D9D126 /* Info.plist in Resources */,
				C5681404206B7FE100D9D126 /* Settings.bundle in Resources */,
			);
			runOnlyForDeploymentPostprocessing = 0;
		};
		C568134F206A08F000D9D126 /* Resources */ = {
			isa = PBXResourcesBuildPhase;
			buildActionMask = 2147483647;
			files = (
			);
			runOnlyForDeploymentPostprocessing = 0;
		};
		C568135A206A08F000D9D126 /* Resources */ = {
			isa = PBXResourcesBuildPhase;
			buildActionMask = 2147483647;
			files = (
			);
			runOnlyForDeploymentPostprocessing = 0;
		};
/* End PBXResourcesBuildPhase section */

/* Begin PBXShellScriptBuildPhase section */
		0680EE19B170706398C5120D /* [CP] Check Pods Manifest.lock */ = {
			isa = PBXShellScriptBuildPhase;
			buildActionMask = 2147483647;
			files = (
			);
			inputPaths = (
				"${PODS_PODFILE_DIR_PATH}/Podfile.lock",
				"${PODS_ROOT}/Manifest.lock",
			);
			name = "[CP] Check Pods Manifest.lock";
			outputPaths = (
				"$(DERIVED_FILE_DIR)/Pods-NetWorkingUITests-checkManifestLockResult.txt",
			);
			runOnlyForDeploymentPostprocessing = 0;
			shellPath = /bin/sh;
			shellScript = "diff \"${PODS_PODFILE_DIR_PATH}/Podfile.lock\" \"${PODS_ROOT}/Manifest.lock\" > /dev/null\nif [ $? != 0 ] ; then\n    # print error to STDERR\n    echo \"error: The sandbox is not in sync with the Podfile.lock. Run 'pod install' or update your CocoaPods installation.\" >&2\n    exit 1\nfi\n# This output is used by Xcode 'outputs' to avoid re-running this script phase.\necho \"SUCCESS\" > \"${SCRIPT_OUTPUT_FILE_0}\"\n";
			showEnvVarsInLog = 0;
		};
		0D72A1E63299A1E0DCA59871 /* [CP] Check Pods Manifest.lock */ = {
			isa = PBXShellScriptBuildPhase;
			buildActionMask = 2147483647;
			files = (
			);
			inputPaths = (
				"${PODS_PODFILE_DIR_PATH}/Podfile.lock",
				"${PODS_ROOT}/Manifest.lock",
			);
			name = "[CP] Check Pods Manifest.lock";
			outputPaths = (
				"$(DERIVED_FILE_DIR)/Pods-NetWorking-checkManifestLockResult.txt",
			);
			runOnlyForDeploymentPostprocessing = 0;
			shellPath = /bin/sh;
			shellScript = "diff \"${PODS_PODFILE_DIR_PATH}/Podfile.lock\" \"${PODS_ROOT}/Manifest.lock\" > /dev/null\nif [ $? != 0 ] ; then\n    # print error to STDERR\n    echo \"error: The sandbox is not in sync with the Podfile.lock. Run 'pod install' or update your CocoaPods installation.\" >&2\n    exit 1\nfi\n# This output is used by Xcode 'outputs' to avoid re-running this script phase.\necho \"SUCCESS\" > \"${SCRIPT_OUTPUT_FILE_0}\"\n";
			showEnvVarsInLog = 0;
		};
		615401DE6E1E806F6C604228 /* [CP] Copy Pods Resources */ = {
			isa = PBXShellScriptBuildPhase;
			buildActionMask = 2147483647;
			files = (
			);
			inputPaths = (
			);
			name = "[CP] Copy Pods Resources";
			outputPaths = (
			);
			runOnlyForDeploymentPostprocessing = 0;
			shellPath = /bin/sh;
			shellScript = "\"${SRCROOT}/Pods/Target Support Files/Pods-NetWorkingUITests/Pods-NetWorkingUITests-resources.sh\"\n";
			showEnvVarsInLog = 0;
		};
		677EFADBA76C2657BEB33B12 /* [CP] Copy Pods Resources */ = {
			isa = PBXShellScriptBuildPhase;
			buildActionMask = 2147483647;
			files = (
			);
			inputPaths = (
			);
			name = "[CP] Copy Pods Resources";
			outputPaths = (
			);
			runOnlyForDeploymentPostprocessing = 0;
			shellPath = /bin/sh;
			shellScript = "\"${SRCROOT}/Pods/Target Support Files/Pods-NetWorkingTests/Pods-NetWorkingTests-resources.sh\"\n";
			showEnvVarsInLog = 0;
		};
		88997AE6BCF5BE2F19EA55D6 /* [CP] Check Pods Manifest.lock */ = {
			isa = PBXShellScriptBuildPhase;
			buildActionMask = 2147483647;
			files = (
			);
			inputPaths = (
				"${PODS_PODFILE_DIR_PATH}/Podfile.lock",
				"${PODS_ROOT}/Manifest.lock",
			);
			name = "[CP] Check Pods Manifest.lock";
			outputPaths = (
				"$(DERIVED_FILE_DIR)/Pods-NetWorkingTests-checkManifestLockResult.txt",
			);
			runOnlyForDeploymentPostprocessing = 0;
			shellPath = /bin/sh;
			shellScript = "diff \"${PODS_PODFILE_DIR_PATH}/Podfile.lock\" \"${PODS_ROOT}/Manifest.lock\" > /dev/null\nif [ $? != 0 ] ; then\n    # print error to STDERR\n    echo \"error: The sandbox is not in sync with the Podfile.lock. Run 'pod install' or update your CocoaPods installation.\" >&2\n    exit 1\nfi\n# This output is used by Xcode 'outputs' to avoid re-running this script phase.\necho \"SUCCESS\" > \"${SCRIPT_OUTPUT_FILE_0}\"\n";
			showEnvVarsInLog = 0;
		};
		90B16E993728404F1E8C7C56 /* [CP] Embed Pods Frameworks */ = {
			isa = PBXShellScriptBuildPhase;
			buildActionMask = 2147483647;
			files = (
			);
			inputPaths = (
			);
			name = "[CP] Embed Pods Frameworks";
			outputPaths = (
			);
			runOnlyForDeploymentPostprocessing = 0;
			shellPath = /bin/sh;
			shellScript = "\"${SRCROOT}/Pods/Target Support Files/Pods-NetWorkingTests/Pods-NetWorkingTests-frameworks.sh\"\n";
			showEnvVarsInLog = 0;
		};
		BA84FA070AD0822BFAF3654B /* [CP] Copy Pods Resources */ = {
			isa = PBXShellScriptBuildPhase;
			buildActionMask = 2147483647;
			files = (
			);
			inputPaths = (
				"${SRCROOT}/Pods/Target Support Files/Pods-NetWorking/Pods-NetWorking-resources.sh",
				"${PODS_CONFIGURATION_BUILD_DIR}/DeviceUtil/DeviceUtil.bundle",
			);
			name = "[CP] Copy Pods Resources";
			outputPaths = (
				"${TARGET_BUILD_DIR}/${UNLOCALIZED_RESOURCES_FOLDER_PATH}/DeviceUtil.bundle",
			);
			runOnlyForDeploymentPostprocessing = 0;
			shellPath = /bin/sh;
			shellScript = "\"${SRCROOT}/Pods/Target Support Files/Pods-NetWorking/Pods-NetWorking-resources.sh\"\n";
			showEnvVarsInLog = 0;
		};
		D08AB7C16975D61ACFF5619D /* [CP] Embed Pods Frameworks */ = {
			isa = PBXShellScriptBuildPhase;
			buildActionMask = 2147483647;
			files = (
			);
			inputPaths = (
			);
			name = "[CP] Embed Pods Frameworks";
			outputPaths = (
			);
			runOnlyForDeploymentPostprocessing = 0;
			shellPath = /bin/sh;
			shellScript = "\"${SRCROOT}/Pods/Target Support Files/Pods-NetWorkingUITests/Pods-NetWorkingUITests-frameworks.sh\"\n";
			showEnvVarsInLog = 0;
		};
		EFE262DD898EC75144695D96 /* [CP] Embed Pods Frameworks */ = {
			isa = PBXShellScriptBuildPhase;
			buildActionMask = 2147483647;
			files = (
			);
			inputPaths = (
			);
			name = "[CP] Embed Pods Frameworks";
			outputPaths = (
			);
			runOnlyForDeploymentPostprocessing = 0;
			shellPath = /bin/sh;
			shellScript = "\"${SRCROOT}/Pods/Target Support Files/Pods-NetWorking/Pods-NetWorking-frameworks.sh\"\n";
			showEnvVarsInLog = 0;
		};
/* End PBXShellScriptBuildPhase section */

/* Begin PBXSourcesBuildPhase section */
		C5681335206A08F000D9D126 /* Sources */ = {
			isa = PBXSourcesBuildPhase;
			buildActionMask = 2147483647;
			files = (
				C56813EE206B74E500D9D126 /* ViewController.m in Sources */,
				C56813C6206B671200D9D126 /* main.m in Sources */,
				C56813D3206B6A9B00D9D126 /* NSDictionary(TS_Value).m in Sources */,
				C568138C206A169800D9D126 /* XBHttpPostRequest.m in Sources */,
				C56813E4206B71EE00D9D126 /* NSString(Phone).m in Sources */,
				C568139D206B5F5800D9D126 /* NSObject+ToJSONString.m in Sources */,
				C56813B1206B60A200D9D126 /* XBErrorHelper.m in Sources */,
				C568138F206A169800D9D126 /* XBHttpGetRequest.m in Sources */,
				C54C2050207B2909006F7DE1 /* XBBaseAPIManager+InterceptorDispatcher.m in Sources */,
				C56813F5206B775D00D9D126 /* XBBaseModel.m in Sources */,
				C568139C206B5F5800D9D126 /* NSString+ToJSONObj.m in Sources */,
				C56813D5206B6A9B00D9D126 /* NSDictionary(TS_Sort).m in Sources */,
				C5681392206A16C000D9D126 /* XBHttpRequestManager.m in Sources */,
				C56813E8206B71EE00D9D126 /* NSString(TS_Attributed).m in Sources */,
				C54C2058207B2959006F7DE1 /* XBAPIManagerInterceptor.m in Sources */,
				C56813FB206B789C00D9D126 /* TestHomeAPIManager.m in Sources */,
				C56813E6206B71EE00D9D126 /* NSString(TS_EncodingAndDecoding).m in Sources */,
				C56813FE206B79DC00D9D126 /* TestHomeDataCenter.m in Sources */,
				C568138E206A169800D9D126 /* XBHttpRequest.m in Sources */,
				C5681405206B7FE100D9D126 /* BSSettingInformation.m in Sources */,
				C56813AE206B609200D9D126 /* XBBaseDataCenter.m in Sources */,
				C54C2054207B2913006F7DE1 /* XBAPIManagerInterceptorModel.m in Sources */,
				C56813F2206B769C00D9D126 /* TestHomeBaseModel.m in Sources */,
				C56813CC206B69DE00D9D126 /* XBAPIManagerParamsHelper.m in Sources */,
				C5681396206A1C8E00D9D126 /* XBHttpPostRequestMultipartForm.m in Sources */,
				C56813E5206B71EE00D9D126 /* NSString(TS_Compare).m in Sources */,
				C56813B6206B640700D9D126 /* XBBaseAPIManager.m in Sources */,
				C568133E206A08F000D9D126 /* AppDelegate.m in Sources */,
			);
			runOnlyForDeploymentPostprocessing = 0;
		};
		C568134D206A08F000D9D126 /* Sources */ = {
			isa = PBXSourcesBuildPhase;
			buildActionMask = 2147483647;
			files = (
				C5681356206A08F000D9D126 /* NetWorkingTests.m in Sources */,
			);
			runOnlyForDeploymentPostprocessing = 0;
		};
		C5681358206A08F000D9D126 /* Sources */ = {
			isa = PBXSourcesBuildPhase;
			buildActionMask = 2147483647;
			files = (
				C5681361206A08F000D9D126 /* NetWorkingUITests.m in Sources */,
			);
			runOnlyForDeploymentPostprocessing = 0;
		};
/* End PBXSourcesBuildPhase section */

/* Begin PBXTargetDependency section */
		C5681353206A08F000D9D126 /* PBXTargetDependency */ = {
			isa = PBXTargetDependency;
			target = C5681338206A08F000D9D126 /* NetWorking */;
			targetProxy = C5681352206A08F000D9D126 /* PBXContainerItemProxy */;
		};
		C568135E206A08F000D9D126 /* PBXTargetDependency */ = {
			isa = PBXTargetDependency;
			target = C5681338206A08F000D9D126 /* NetWorking */;
			targetProxy = C568135D206A08F000D9D126 /* PBXContainerItemProxy */;
		};
/* End PBXTargetDependency section */

/* Begin PBXVariantGroup section */
		C56813BC206B671100D9D126 /* LaunchScreen.storyboard */ = {
			isa = PBXVariantGroup;
			children = (
				C56813BD206B671100D9D126 /* Base */,
			);
			name = LaunchScreen.storyboard;
			sourceTree = "<group>";
		};
		C56813BE206B671100D9D126 /* Main.storyboard */ = {
			isa = PBXVariantGroup;
			children = (
				C56813BF206B671100D9D126 /* Base */,
			);
			name = Main.storyboard;
			sourceTree = "<group>";
		};
/* End PBXVariantGroup section */

/* Begin XCBuildConfiguration section */
		C5681363206A08F000D9D126 /* Debug */ = {
			isa = XCBuildConfiguration;
			buildSettings = {
				ALWAYS_SEARCH_USER_PATHS = NO;
				CLANG_ANALYZER_NONNULL = YES;
				CLANG_ANALYZER_NUMBER_OBJECT_CONVERSION = YES_AGGRESSIVE;
				CLANG_CXX_LANGUAGE_STANDARD = "gnu++14";
				CLANG_CXX_LIBRARY = "libc++";
				CLANG_ENABLE_MODULES = YES;
				CLANG_ENABLE_OBJC_ARC = YES;
				CLANG_WARN_BLOCK_CAPTURE_AUTORELEASING = YES;
				CLANG_WARN_BOOL_CONVERSION = YES;
				CLANG_WARN_COMMA = YES;
				CLANG_WARN_CONSTANT_CONVERSION = YES;
				CLANG_WARN_DIRECT_OBJC_ISA_USAGE = YES_ERROR;
				CLANG_WARN_DOCUMENTATION_COMMENTS = YES;
				CLANG_WARN_EMPTY_BODY = YES;
				CLANG_WARN_ENUM_CONVERSION = YES;
				CLANG_WARN_INFINITE_RECURSION = YES;
				CLANG_WARN_INT_CONVERSION = YES;
				CLANG_WARN_NON_LITERAL_NULL_CONVERSION = YES;
				CLANG_WARN_OBJC_LITERAL_CONVERSION = YES;
				CLANG_WARN_OBJC_ROOT_CLASS = YES_ERROR;
				CLANG_WARN_RANGE_LOOP_ANALYSIS = YES;
				CLANG_WARN_STRICT_PROTOTYPES = YES;
				CLANG_WARN_SUSPICIOUS_MOVE = YES;
				CLANG_WARN_UNGUARDED_AVAILABILITY = YES_AGGRESSIVE;
				CLANG_WARN_UNREACHABLE_CODE = YES;
				CLANG_WARN__DUPLICATE_METHOD_MATCH = YES;
				CODE_SIGN_IDENTITY = "iPhone Developer";
				COPY_PHASE_STRIP = NO;
				DEBUG_INFORMATION_FORMAT = dwarf;
				ENABLE_STRICT_OBJC_MSGSEND = YES;
				ENABLE_TESTABILITY = YES;
				GCC_C_LANGUAGE_STANDARD = gnu11;
				GCC_DYNAMIC_NO_PIC = NO;
				GCC_NO_COMMON_BLOCKS = YES;
				GCC_OPTIMIZATION_LEVEL = 0;
				GCC_PREPROCESSOR_DEFINITIONS = (
					"DEBUG=1",
					"$(inherited)",
				);
				GCC_WARN_64_TO_32_BIT_CONVERSION = YES;
				GCC_WARN_ABOUT_RETURN_TYPE = YES_ERROR;
				GCC_WARN_UNDECLARED_SELECTOR = YES;
				GCC_WARN_UNINITIALIZED_AUTOS = YES_AGGRESSIVE;
				GCC_WARN_UNUSED_FUNCTION = YES;
				GCC_WARN_UNUSED_VARIABLE = YES;
				IPHONEOS_DEPLOYMENT_TARGET = 11.2;
				MTL_ENABLE_DEBUG_INFO = YES;
				ONLY_ACTIVE_ARCH = YES;
				SDKROOT = iphoneos;
			};
			name = Debug;
		};
		C5681364206A08F000D9D126 /* Release */ = {
			isa = XCBuildConfiguration;
			buildSettings = {
				ALWAYS_SEARCH_USER_PATHS = NO;
				CLANG_ANALYZER_NONNULL = YES;
				CLANG_ANALYZER_NUMBER_OBJECT_CONVERSION = YES_AGGRESSIVE;
				CLANG_CXX_LANGUAGE_STANDARD = "gnu++14";
				CLANG_CXX_LIBRARY = "libc++";
				CLANG_ENABLE_MODULES = YES;
				CLANG_ENABLE_OBJC_ARC = YES;
				CLANG_WARN_BLOCK_CAPTURE_AUTORELEASING = YES;
				CLANG_WARN_BOOL_CONVERSION = YES;
				CLANG_WARN_COMMA = YES;
				CLANG_WARN_CONSTANT_CONVERSION = YES;
				CLANG_WARN_DIRECT_OBJC_ISA_USAGE = YES_ERROR;
				CLANG_WARN_DOCUMENTATION_COMMENTS = YES;
				CLANG_WARN_EMPTY_BODY = YES;
				CLANG_WARN_ENUM_CONVERSION = YES;
				CLANG_WARN_INFINITE_RECURSION = YES;
				CLANG_WARN_INT_CONVERSION = YES;
				CLANG_WARN_NON_LITERAL_NULL_CONVERSION = YES;
				CLANG_WARN_OBJC_LITERAL_CONVERSION = YES;
				CLANG_WARN_OBJC_ROOT_CLASS = YES_ERROR;
				CLANG_WARN_RANGE_LOOP_ANALYSIS = YES;
				CLANG_WARN_STRICT_PROTOTYPES = YES;
				CLANG_WARN_SUSPICIOUS_MOVE = YES;
				CLANG_WARN_UNGUARDED_AVAILABILITY = YES_AGGRESSIVE;
				CLANG_WARN_UNREACHABLE_CODE = YES;
				CLANG_WARN__DUPLICATE_METHOD_MATCH = YES;
				CODE_SIGN_IDENTITY = "iPhone Developer";
				COPY_PHASE_STRIP = NO;
				DEBUG_INFORMATION_FORMAT = "dwarf-with-dsym";
				ENABLE_NS_ASSERTIONS = NO;
				ENABLE_STRICT_OBJC_MSGSEND = YES;
				GCC_C_LANGUAGE_STANDARD = gnu11;
				GCC_NO_COMMON_BLOCKS = YES;
				GCC_WARN_64_TO_32_BIT_CONVERSION = YES;
				GCC_WARN_ABOUT_RETURN_TYPE = YES_ERROR;
				GCC_WARN_UNDECLARED_SELECTOR = YES;
				GCC_WARN_UNINITIALIZED_AUTOS = YES_AGGRESSIVE;
				GCC_WARN_UNUSED_FUNCTION = YES;
				GCC_WARN_UNUSED_VARIABLE = YES;
				IPHONEOS_DEPLOYMENT_TARGET = 11.2;
				MTL_ENABLE_DEBUG_INFO = NO;
				SDKROOT = iphoneos;
				VALIDATE_PRODUCT = YES;
			};
			name = Release;
		};
		C5681366206A08F000D9D126 /* Debug */ = {
			isa = XCBuildConfiguration;
			baseConfigurationReference = BCFE102A6CE4EEFC017B8819 /* Pods-NetWorking.debug.xcconfig */;
			buildSettings = {
				ASSETCATALOG_COMPILER_APPICON_NAME = AppIcon;
				CODE_SIGN_STYLE = Automatic;
				DEVELOPMENT_TEAM = 3T769J444M;
				GCC_INCREASE_PRECOMPILED_HEADER_SHARING = NO;
				GCC_PRECOMPILE_PREFIX_HEADER = YES;
				GCC_PREFIX_HEADER = NetWorking/PrefixHeader.pch;
				INFOPLIST_FILE = NetWorking/Info.plist;
				IPHONEOS_DEPLOYMENT_TARGET = 9.0;
				LD_RUNPATH_SEARCH_PATHS = "$(inherited) @executable_path/Frameworks";
				PRODUCT_BUNDLE_IDENTIFIER = io.github.xbcs.NetWorking;
				PRODUCT_NAME = "$(TARGET_NAME)";
				TARGETED_DEVICE_FAMILY = "1,2";
			};
			name = Debug;
		};
		C5681367206A08F000D9D126 /* Release */ = {
			isa = XCBuildConfiguration;
			baseConfigurationReference = FE9FB2E32CAAFDC0FFED7B60 /* Pods-NetWorking.release.xcconfig */;
			buildSettings = {
				ASSETCATALOG_COMPILER_APPICON_NAME = AppIcon;
				CODE_SIGN_STYLE = Automatic;
				DEVELOPMENT_TEAM = 3T769J444M;
				GCC_INCREASE_PRECOMPILED_HEADER_SHARING = NO;
				GCC_PRECOMPILE_PREFIX_HEADER = YES;
				GCC_PREFIX_HEADER = NetWorking/PrefixHeader.pch;
				INFOPLIST_FILE = NetWorking/Info.plist;
				IPHONEOS_DEPLOYMENT_TARGET = 9.0;
				LD_RUNPATH_SEARCH_PATHS = "$(inherited) @executable_path/Frameworks";
				PRODUCT_BUNDLE_IDENTIFIER = io.github.xbcs.NetWorking;
				PRODUCT_NAME = "$(TARGET_NAME)";
				TARGETED_DEVICE_FAMILY = "1,2";
			};
			name = Release;
		};
		C5681369206A08F000D9D126 /* Debug */ = {
			isa = XCBuildConfiguration;
			baseConfigurationReference = 4CA2BCAF3D7AF59F50FF05D1 /* Pods-NetWorkingTests.debug.xcconfig */;
			buildSettings = {
				BUNDLE_LOADER = "$(TEST_HOST)";
				CODE_SIGN_STYLE = Automatic;
				DEVELOPMENT_TEAM = 3T769J444M;
				INFOPLIST_FILE = NetWorkingTests/Info.plist;
				LD_RUNPATH_SEARCH_PATHS = "$(inherited) @executable_path/Frameworks @loader_path/Frameworks";
				PRODUCT_BUNDLE_IDENTIFIER = io.github.xbcs.NetWorkingTests;
				PRODUCT_NAME = "$(TARGET_NAME)";
				TARGETED_DEVICE_FAMILY = "1,2";
				TEST_HOST = "$(BUILT_PRODUCTS_DIR)/NetWorking.app/NetWorking";
			};
			name = Debug;
		};
		C568136A206A08F000D9D126 /* Release */ = {
			isa = XCBuildConfiguration;
			baseConfigurationReference = 4BC9992E46DBE3042ADA8239 /* Pods-NetWorkingTests.release.xcconfig */;
			buildSettings = {
				BUNDLE_LOADER = "$(TEST_HOST)";
				CODE_SIGN_STYLE = Automatic;
				DEVELOPMENT_TEAM = 3T769J444M;
				INFOPLIST_FILE = NetWorkingTests/Info.plist;
				LD_RUNPATH_SEARCH_PATHS = "$(inherited) @executable_path/Frameworks @loader_path/Frameworks";
				PRODUCT_BUNDLE_IDENTIFIER = io.github.xbcs.NetWorkingTests;
				PRODUCT_NAME = "$(TARGET_NAME)";
				TARGETED_DEVICE_FAMILY = "1,2";
				TEST_HOST = "$(BUILT_PRODUCTS_DIR)/NetWorking.app/NetWorking";
			};
			name = Release;
		};
		C568136C206A08F000D9D126 /* Debug */ = {
			isa = XCBuildConfiguration;
			baseConfigurationReference = D5A6BCC969CBD42B68E5C9E4 /* Pods-NetWorkingUITests.debug.xcconfig */;
			buildSettings = {
				CODE_SIGN_STYLE = Automatic;
				DEVELOPMENT_TEAM = 3T769J444M;
				INFOPLIST_FILE = NetWorkingUITests/Info.plist;
				LD_RUNPATH_SEARCH_PATHS = "$(inherited) @executable_path/Frameworks @loader_path/Frameworks";
				PRODUCT_BUNDLE_IDENTIFIER = io.github.xbcs.NetWorkingUITests;
				PRODUCT_NAME = "$(TARGET_NAME)";
				TARGETED_DEVICE_FAMILY = "1,2";
				TEST_TARGET_NAME = NetWorking;
			};
			name = Debug;
		};
		C568136D206A08F000D9D126 /* Release */ = {
			isa = XCBuildConfiguration;
			baseConfigurationReference = 398044CEE68932B2A995D7F2 /* Pods-NetWorkingUITests.release.xcconfig */;
			buildSettings = {
				CODE_SIGN_STYLE = Automatic;
				DEVELOPMENT_TEAM = 3T769J444M;
				INFOPLIST_FILE = NetWorkingUITests/Info.plist;
				LD_RUNPATH_SEARCH_PATHS = "$(inherited) @executable_path/Frameworks @loader_path/Frameworks";
				PRODUCT_BUNDLE_IDENTIFIER = io.github.xbcs.NetWorkingUITests;
				PRODUCT_NAME = "$(TARGET_NAME)";
				TARGETED_DEVICE_FAMILY = "1,2";
				TEST_TARGET_NAME = NetWorking;
			};
			name = Release;
		};
/* End XCBuildConfiguration section */

/* Begin XCConfigurationList section */
		C5681334206A08F000D9D126 /* Build configuration list for PBXProject "NetWorking" */ = {
			isa = XCConfigurationList;
			buildConfigurations = (
				C5681363206A08F000D9D126 /* Debug */,
				C5681364206A08F000D9D126 /* Release */,
			);
			defaultConfigurationIsVisible = 0;
			defaultConfigurationName = Release;
		};
		C5681365206A08F000D9D126 /* Build configuration list for PBXNativeTarget "NetWorking" */ = {
			isa = XCConfigurationList;
			buildConfigurations = (
				C5681366206A08F000D9D126 /* Debug */,
				C5681367206A08F000D9D126 /* Release */,
			);
			defaultConfigurationIsVisible = 0;
			defaultConfigurationName = Release;
		};
		C5681368206A08F000D9D126 /* Build configuration list for PBXNativeTarget "NetWorkingTests" */ = {
			isa = XCConfigurationList;
			buildConfigurations = (
				C5681369206A08F000D9D126 /* Debug */,
				C568136A206A08F000D9D126 /* Release */,
			);
			defaultConfigurationIsVisible = 0;
			defaultConfigurationName = Release;
		};
		C568136B206A08F000D9D126 /* Build configuration list for PBXNativeTarget "NetWorkingUITests" */ = {
			isa = XCConfigurationList;
			buildConfigurations = (
				C568136C206A08F000D9D126 /* Debug */,
				C568136D206A08F000D9D126 /* Release */,
			);
			defaultConfigurationIsVisible = 0;
			defaultConfigurationName = Release;
		};
/* End XCConfigurationList section */
	};
	rootObject = C5681331206A08F000D9D126 /* Project object */;
}
